
Microsoft Visual Studio Solution File, Format Version 12.00
# Visual Studio Version 17
VisualStudioVersion = 17.14.36202.13
MinimumVisualStudioVersion = 10.0.40219.1
Project("{FAE04EC0-301F-11D3-BF4B-00C04F79EFBC}") = "Randoop", "Randoop\Randoop.csproj", "{A820E259-7592-4A04-948D-5A6449881ABB}"
EndProject
Project("{FAE04EC0-301F-11D3-BF4B-00C04F79EFBC}") = "RandoopBare", "RandoopBare\RandoopBare.csproj", "{0E4D8402-3A4F-4693-838A-79539B105B73}"
EndProject
Project("{FAE04EC0-301F-11D3-BF4B-00C04F79EFBC}") = "RandoopCommon", "RandoopCommon\RandoopCommon.csproj", "{6B6699E5-0B44-451D-A866-DF46BFF212F6}"
EndProject
Global
	GlobalSection(SolutionConfigurationPlatforms) = preSolution
		Debug|Any CPU = Debug|Any CPU
		Release|Any CPU = Release|Any CPU
	EndGlobalSection
	GlobalSection(ProjectConfigurationPlatforms) = postSolution
		{A820E259-7592-4A04-948D-5A6449881ABB}.Debug|Any CPU.ActiveCfg = Debug|Any CPU
		{A820E259-7592-4A04-948D-5A6449881ABB}.Debug|Any CPU.Build.0 = Debug|Any CPU
		{A820E259-7592-4A04-948D-5A6449881ABB}.Release|Any CPU.ActiveCfg = Release|Any CPU
		{A820E259-7592-4A04-948D-5A6449881ABB}.Release|Any CPU.Build.0 = Release|Any CPU
		{0E4D8402-3A4F-4693-838A-79539B105B73}.Debug|Any CPU.ActiveCfg = Debug|Any CPU
		{0E4D8402-3A4F-4693-838A-79539B105B73}.Debug|Any CPU.Build.0 = Debug|Any CPU
		{0E4D8402-3A4F-4693-838A-79539B105B73}.Release|Any CPU.ActiveCfg = Release|Any CPU
		{0E4D8402-3A4F-4693-838A-79539B105B73}.Release|Any CPU.Build.0 = Release|Any CPU
		{6B6699E5-0B44-451D-A866-DF46BFF212F6}.Debug|Any CPU.ActiveCfg = Debug|Any CPU
		{6B6699E5-0B44-451D-A866-DF46BFF212F6}.Debug|Any CPU.Build.0 = Debug|Any CPU
		{6B6699E5-0B44-451D-A866-DF46BFF212F6}.Release|Any CPU.ActiveCfg = Release|Any CPU
		{6B6699E5-0B44-451D-A866-DF46BFF212F6}.Release|Any CPU.Build.0 = Release|Any CPU
	EndGlobalSection
	GlobalSection(SolutionProperties) = preSolution
		HideSolutionNode = FALSE
	EndGlobalSection
	GlobalSection(ExtensibilityGlobals) = postSolution
		SolutionGuid = {FCE48768-1B63-4E85-B918-9CAB69C147CB}
	EndGlobalSection
EndGlobal
