
Microsoft Visual Studio Solution File, Format Version 12.00
# Visual Studio Version 17
VisualStudioVersion = 17.14.36202.13
MinimumVisualStudioVersion = 10.0.40219.1
Project("{FAE04EC0-301F-11D3-BF4B-00C04F79EFBC}") = "TestLibrary", "TestLibrary\TestLibrary.csproj", "{8CCDBC0C-A7BA-4B95-9114-D64329EF800B}"
EndProject
Project("{FAE04EC0-301F-11D3-BF4B-00C04F79EFBC}") = "RandoopMain", "RandoopMain\RandoopMain.csproj", "{455047FE-79CB-4B17-A2FA-585C64BB9B86}"
EndProject
Global
	GlobalSection(SolutionConfigurationPlatforms) = preSolution
		Debug|Any CPU = Debug|Any CPU
		Release|Any CPU = Release|Any CPU
	EndGlobalSection
	GlobalSection(ProjectConfigurationPlatforms) = postSolution
		{8CCDBC0C-A7BA-4B95-9114-D64329EF800B}.Debug|Any CPU.ActiveCfg = Debug|Any CPU
		{8CCDBC0C-A7BA-4B95-9114-D64329EF800B}.Debug|Any CPU.Build.0 = Debug|Any CPU
		{8CCDBC0C-A7BA-4B95-9114-D64329EF800B}.Release|Any CPU.ActiveCfg = Release|Any CPU
		{8CCDBC0C-A7BA-4B95-9114-D64329EF800B}.Release|Any CPU.Build.0 = Release|Any CPU
		{455047FE-79CB-4B17-A2FA-585C64BB9B86}.Debug|Any CPU.ActiveCfg = Debug|Any CPU
		{455047FE-79CB-4B17-A2FA-585C64BB9B86}.Debug|Any CPU.Build.0 = Debug|Any CPU
		{455047FE-79CB-4B17-A2FA-585C64BB9B86}.Release|Any CPU.ActiveCfg = Release|Any CPU
		{455047FE-79CB-4B17-A2FA-585C64BB9B86}.Release|Any CPU.Build.0 = Release|Any CPU
	EndGlobalSection
	GlobalSection(SolutionProperties) = preSolution
		HideSolutionNode = FALSE
	EndGlobalSection
	GlobalSection(ExtensibilityGlobals) = postSolution
		SolutionGuid = {FCE48768-1B63-4E85-B918-9CAB69C147CB}
	EndGlobalSection
EndGlobal
